
Microsoft Visual Studio Solution File, Format Version 11.00
# Visual C++ Express 2010
Project("{8BC9CEB8-8B4A-11D0-8D11-00A0C91BC942}") = "OrbitalSpace", "SDLTest.vcxproj", "{59A0CC2B-696D-47ED-9176-E8C5AC78EEEF}"
	ProjectSection(ProjectDependencies) = postProject
		{81CE8DAF-EBB2-4761-8E45-B71ABCCA8C68} = {81CE8DAF-EBB2-4761-8E45-B71ABCCA8C68}
	EndProjectSection
EndProject
Project("{8BC9CEB8-8B4A-11D0-8D11-00A0C91BC942}") = "SDL", "..\..\SDL\VisualC\SDL\SDL.vcxproj", "{81CE8DAF-EBB2-4761-8E45-B71ABCCA8C68}"
EndProject
Project("{8BC9CEB8-8B4A-11D0-8D11-00A0C91BC942}") = "freeglut", "..\..\freeglut-2.8.0\VisualStudio\2010\freeglut.vcxproj", "{1AE4E979-0D35-4747-BF8E-DD60358F49DB}"
EndProject
Global
	GlobalSection(SolutionConfigurationPlatforms) = preSolution
		Debug|Win32 = Debug|Win32
		Release|Win32 = Release|Win32
	EndGlobalSection
	GlobalSection(ProjectConfigurationPlatforms) = postSolution
		{59A0CC2B-696D-47ED-9176-E8C5AC78EEEF}.Debug|Win32.ActiveCfg = Debug|Win32
		{59A0CC2B-696D-47ED-9176-E8C5AC78EEEF}.Debug|Win32.Build.0 = Debug|Win32
		{59A0CC2B-696D-47ED-9176-E8C5AC78EEEF}.Release|Win32.ActiveCfg = Release|Win32
		{59A0CC2B-696D-47ED-9176-E8C5AC78EEEF}.Release|Win32.Build.0 = Release|Win32
		{81CE8DAF-EBB2-4761-8E45-B71ABCCA8C68}.Debug|Win32.ActiveCfg = Debug|Win32
		{81CE8DAF-EBB2-4761-8E45-B71ABCCA8C68}.Debug|Win32.Build.0 = Debug|Win32
		{81CE8DAF-EBB2-4761-8E45-B71ABCCA8C68}.Release|Win32.ActiveCfg = Release|Win32
		{81CE8DAF-EBB2-4761-8E45-B71ABCCA8C68}.Release|Win32.Build.0 = Release|Win32
		{1AE4E979-0D35-4747-BF8E-DD60358F49DB}.Debug|Win32.ActiveCfg = Debug_Static|Win32
		{1AE4E979-0D35-4747-BF8E-DD60358F49DB}.Debug|Win32.Build.0 = Debug_Static|Win32
		{1AE4E979-0D35-4747-BF8E-DD60358F49DB}.Release|Win32.ActiveCfg = Release_Static|Win32
		{1AE4E979-0D35-4747-BF8E-DD60358F49DB}.Release|Win32.Build.0 = Release_Static|Win32
	EndGlobalSection
	GlobalSection(SolutionProperties) = preSolution
		HideSolutionNode = FALSE
	EndGlobalSection
EndGlobal
